
Microsoft Visual Studio Solution File, Format Version 12.00
# Visual Studio Version 16
VisualStudioVersion = 16.0.28803.202
MinimumVisualStudioVersion = 10.0.40219.1
Project("{9A19103F-16F7-4668-BE54-9A1E7A4F7556}") = "weatherapp", "weatherapp.csproj", "{412E81B6-9EE0-46D7-B250-D2744C3F8E48}"
EndProject
Global
	GlobalSection(SolutionConfigurationPlatforms) = preSolution
		Debug|Any CPU = Debug|Any CPU
		Release|Any CPU = Release|Any CPU
	EndGlobalSection
	GlobalSection(ProjectConfigurationPlatforms) = postSolution
		{412E81B6-9EE0-46D7-B250-D2744C3F8E48}.Debug|Any CPU.ActiveCfg = Debug|Any CPU
		{412E81B6-9EE0-46D7-B250-D2744C3F8E48}.Debug|Any CPU.Build.0 = Debug|Any CPU
		{412E81B6-9EE0-46D7-B250-D2744C3F8E48}.Release|Any CPU.ActiveCfg = Release|Any CPU
		{412E81B6-9EE0-46D7-B250-D2744C3F8E48}.Release|Any CPU.Build.0 = Release|Any CPU
	EndGlobalSection
	GlobalSection(SolutionProperties) = preSolution
		HideSolutionNode = FALSE
	EndGlobalSection
	GlobalSection(ExtensibilityGlobals) = postSolution
		SolutionGuid = {C400EA52-867C-482A-83BA-89E32B4947BE}
	EndGlobalSection
EndGlobal
